
Microsoft Visual Studio Solution File, Format Version 12.00
# Visual Studio Version 17
VisualStudioVersion = 17.2.32526.322
MinimumVisualStudioVersion = 10.0.40219.1
Project("{FAE04EC0-301F-11D3-BF4B-00C04F79EFBC}") = "MvcApiTokenCubosCMA", "MvcApiTokenCubosCMA\MvcApiTokenCubosCMA.csproj", "{4DC12E1E-ACAE-47CA-A8EC-C58C101287FB}"
EndProject
Global
	GlobalSection(SolutionConfigurationPlatforms) = preSolution
		Debug|Any CPU = Debug|Any CPU
		Release|Any CPU = Release|Any CPU
	EndGlobalSection
	GlobalSection(ProjectConfigurationPlatforms) = postSolution
		{4DC12E1E-ACAE-47CA-A8EC-C58C101287FB}.Debug|Any CPU.ActiveCfg = Debug|Any CPU
		{4DC12E1E-ACAE-47CA-A8EC-C58C101287FB}.Debug|Any CPU.Build.0 = Debug|Any CPU
		{4DC12E1E-ACAE-47CA-A8EC-C58C101287FB}.Release|Any CPU.ActiveCfg = Release|Any CPU
		{4DC12E1E-ACAE-47CA-A8EC-C58C101287FB}.Release|Any CPU.Build.0 = Release|Any CPU
	EndGlobalSection
	GlobalSection(SolutionProperties) = preSolution
		HideSolutionNode = FALSE
	EndGlobalSection
	GlobalSection(ExtensibilityGlobals) = postSolution
		SolutionGuid = {69BFE471-D40B-4AF7-9C24-2BBF8C3DBD63}
	EndGlobalSection
EndGlobal
